{
  "name": "ws-tcp-app",
  "version": "1.0.0",
  "lockfileVersion": 2,
  "requires": true,
  "packages": {
    "": {
      "name": "ws-tcp-proxy",
      "version": "1.0.0",
      "dependencies": {
        "uWebSockets.js": "uNetworking/uWebSockets.js#v20.42.0"
      }
    },
    "node_modules/uWebSockets.js": {
      "version": "20.42.0",
      "resolved": "git+ssh://git@github.com/uNetworking/uWebSockets.js.git#f40213ec0a97d0d8721d9d32d92d6eb6ddcd22e7",
      "license": "Apache-2.0"
    }
  },
  "dependencies": {
    "uWebSockets.js": {
      "version": "git+ssh://git@github.com/uNetworking/uWebSockets.js.git#f40213ec0a97d0d8721d9d32d92d6eb6ddcd22e7",
      "from": "uWebSockets.js@uNetworking/uWebSockets.js#v20.42.0"
    }
  }
}
